{
  "name": "portfolio-website",
  "lockfileVersion": 3,
  "requires": true,
  "packages": {
    "": {
      "dependencies": {
        "animejs": "^3.2.1",
        "hover.css": "^2.3.2",
        "jquery": "^3.6.4",
        "resize-observer-polyfill": "^1.5.1",
        "simplebar": "^6.2.1"
      }
    },
    "node_modules/animejs": {
      "version": "3.2.1",
      "resolved": "https://registry.npmjs.org/animejs/-/animejs-3.2.1.tgz",
      "integrity": "sha512-sWno3ugFryK5nhiDm/2BKeFCpZv7vzerWUcUPyAZLDhMek3+S/p418ldZJbJXo5ZUOpfm2kP2XRO4NJcULMy9A=="
    },
    "node_modules/can-use-dom": {
      "version": "0.1.0",
      "resolved": "https://registry.npmjs.org/can-use-dom/-/can-use-dom-0.1.0.tgz",
      "integrity": "sha512-ceOhN1DL7Y4O6M0j9ICgmTYziV89WMd96SvSl0REd8PMgrY0B/WBOPoed5S1KUmJqXgUXh8gzSe6E3ae27upsQ=="
    },
    "node_modules/hover.css": {
      "version": "2.3.2",
      "resolved": "https://registry.npmjs.org/hover.css/-/hover.css-2.3.2.tgz",
      "integrity": "sha512-eXch700vfcoSSAcEcU154lTHBYQy2cjGT+yJZtkKWxASBBiPVkqYOdMAa0sz4cYj2YIrl1FRE2s5O4EgOaIpig=="
    },
    "node_modules/jquery": {
      "version": "3.6.4",
      "resolved": "https://registry.npmjs.org/jquery/-/jquery-3.6.4.tgz",
      "integrity": "sha512-v28EW9DWDFpzcD9O5iyJXg3R3+q+mET5JhnjJzQUZMHOv67bpSIHq81GEYpPNZHG+XXHsfSme3nxp/hndKEcsQ=="
    },
    "node_modules/lodash-es": {
      "version": "4.17.21",
      "resolved": "https://registry.npmjs.org/lodash-es/-/lodash-es-4.17.21.tgz",
      "integrity": "sha512-mKnC+QJ9pWVzv+C4/U3rRsHapFfHvQFoFB92e52xeyGMcX6/OlIl78je1u8vePzYZSkkogMPJ2yjxxsb89cxyw=="
    },
    "node_modules/resize-observer-polyfill": {
      "version": "1.5.1",
      "resolved": "https://registry.npmjs.org/resize-observer-polyfill/-/resize-observer-polyfill-1.5.1.tgz",
      "integrity": "sha512-LwZrotdHOo12nQuZlHEmtuXdqGoOD0OhaxopaNFxWzInpEgaLWoVuAMbTzixuosCx2nEG58ngzW3vxdWoxIgdg=="
    },
    "node_modules/simplebar": {
      "version": "6.2.1",
      "resolved": "https://registry.npmjs.org/simplebar/-/simplebar-6.2.1.tgz",
      "integrity": "sha512-zEurqs3D/010l8nxqj4EkorH5BQGfJb/T3mUvrVx1H6hT99daOVtkQo0p1NL1/ChoLrfzQzrBN9sD8saK456LQ==",
      "dependencies": {
        "can-use-dom": "^0.1.0",
        "simplebar-core": "^1.2.1"
      }
    },
    "node_modules/simplebar-core": {
      "version": "1.2.1",
      "resolved": "https://registry.npmjs.org/simplebar-core/-/simplebar-core-1.2.1.tgz",
      "integrity": "sha512-dgX6qDOSDM3+crxFstIKOlxyxnD3NYGRPm7CqmAtnNfFLVeadrydym5eNpduIO7aDFU/rayS6hEdrcxO0WBqnQ==",
      "dependencies": {
        "can-use-dom": "^0.1.0",
        "lodash-es": "^4.17.21"
      }
    }
  }
}
